PODS:
  - CTMediator (44)
  - MTABaseViewKit (1.0):
    - CTMediator (~> 44)

DEPENDENCIES:
  - CTMediator
  - MTABaseViewKit (from `../MTABaseViewKit.podspec`)

SPEC REPOS:
  trunk:
    - CTMediator

EXTERNAL SOURCES:
  MTABaseViewKit:
    :podspec: "../MTABaseViewKit.podspec"

SPEC CHECKSUMS:
  CTMediator: 933dba523da87bf875e4a7e8728945fbc512f1d2
  MTABaseViewKit: 0ea0e237a35aaa4adbd35f996ec0801e27bbd567

PODFILE CHECKSUM: fe71a737c71cb0b77fd36f14cd6e0097f0ab4b32

COCOAPODS: 1.9.3
